
Microsoft Visual Studio Solution File, Format Version 12.00
# Visual Studio Version 16
VisualStudioVersion = 16.0.33214.272
MinimumVisualStudioVersion = 10.0.40219.1
Project("{FAE04EC0-301F-11D3-BF4B-00C04F79EFBC}") = "ClassesObjetos", "ClassesObjetos\ClassesObjetos.csproj", "{744CF29A-6B76-46D3-83E9-E573413C1704}"
EndProject
Global
	GlobalSection(SolutionConfigurationPlatforms) = preSolution
		Debug|Any CPU = Debug|Any CPU
		Release|Any CPU = Release|Any CPU
	EndGlobalSection
	GlobalSection(ProjectConfigurationPlatforms) = postSolution
		{744CF29A-6B76-46D3-83E9-E573413C1704}.Debug|Any CPU.ActiveCfg = Debug|Any CPU
		{744CF29A-6B76-46D3-83E9-E573413C1704}.Debug|Any CPU.Build.0 = Debug|Any CPU
		{744CF29A-6B76-46D3-83E9-E573413C1704}.Release|Any CPU.ActiveCfg = Release|Any CPU
		{744CF29A-6B76-46D3-83E9-E573413C1704}.Release|Any CPU.Build.0 = Release|Any CPU
	EndGlobalSection
	GlobalSection(SolutionProperties) = preSolution
		HideSolutionNode = FALSE
	EndGlobalSection
	GlobalSection(ExtensibilityGlobals) = postSolution
		SolutionGuid = {683B1857-C9C5-4518-BD04-97A306A4158C}
	EndGlobalSection
EndGlobal
